
Microsoft Visual Studio Solution File, Format Version 12.00
# Visual Studio Version 17
VisualStudioVersion = 17.11.35327.3
MinimumVisualStudioVersion = 10.0.40219.1
Project("{FAE04EC0-301F-11D3-BF4B-00C04F79EFBC}") = "AppResto", "AppResto\AppResto.csproj", "{D156B7AC-5A37-4BA9-9814-11569D26AE02}"
EndProject
Project("{FAE04EC0-301F-11D3-BF4B-00C04F79EFBC}") = "Dominio", "Dominio\Dominio.csproj", "{381B5647-4468-4E04-B974-210FB31AD200}"
EndProject
Project("{FAE04EC0-301F-11D3-BF4B-00C04F79EFBC}") = "Negocio", "Negocio\Negocio.csproj", "{0EF90D0A-CC00-46D0-9239-75418E88064D}"
EndProject
Global
	GlobalSection(SolutionConfigurationPlatforms) = preSolution
		Debug|Any CPU = Debug|Any CPU
		Release|Any CPU = Release|Any CPU
	EndGlobalSection
	GlobalSection(ProjectConfigurationPlatforms) = postSolution
		{D156B7AC-5A37-4BA9-9814-11569D26AE02}.Debug|Any CPU.ActiveCfg = Debug|Any CPU
		{D156B7AC-5A37-4BA9-9814-11569D26AE02}.Debug|Any CPU.Build.0 = Debug|Any CPU
		{D156B7AC-5A37-4BA9-9814-11569D26AE02}.Release|Any CPU.ActiveCfg = Release|Any CPU
		{D156B7AC-5A37-4BA9-9814-11569D26AE02}.Release|Any CPU.Build.0 = Release|Any CPU
		{381B5647-4468-4E04-B974-210FB31AD200}.Debug|Any CPU.ActiveCfg = Debug|Any CPU
		{381B5647-4468-4E04-B974-210FB31AD200}.Debug|Any CPU.Build.0 = Debug|Any CPU
		{381B5647-4468-4E04-B974-210FB31AD200}.Release|Any CPU.ActiveCfg = Release|Any CPU
		{381B5647-4468-4E04-B974-210FB31AD200}.Release|Any CPU.Build.0 = Release|Any CPU
		{0EF90D0A-CC00-46D0-9239-75418E88064D}.Debug|Any CPU.ActiveCfg = Debug|Any CPU
		{0EF90D0A-CC00-46D0-9239-75418E88064D}.Debug|Any CPU.Build.0 = Debug|Any CPU
		{0EF90D0A-CC00-46D0-9239-75418E88064D}.Release|Any CPU.ActiveCfg = Release|Any CPU
		{0EF90D0A-CC00-46D0-9239-75418E88064D}.Release|Any CPU.Build.0 = Release|Any CPU
	EndGlobalSection
	GlobalSection(SolutionProperties) = preSolution
		HideSolutionNode = FALSE
	EndGlobalSection
	GlobalSection(ExtensibilityGlobals) = postSolution
		SolutionGuid = {F9DDF0E2-04AF-482D-8A87-1941B1A7F869}
	EndGlobalSection
EndGlobal
